{
    "name": "mawd",
    "version": "1.1.0",
    "lockfileVersion": 3,
    "requires": true,
    "packages": {
        "": {
            "name": "mawd",
            "version": "1.1.0",
            "license": "MIT",
            "dependencies": {
                "dotenv": "^16.4.5",
                "unicode-animations": "^1.0.3"
            },
            "bin": {
                "mawd": "bin/mawd.js"
            },
            "engines": {
                "node": ">=18"
            }
        },
        "node_modules/dotenv": {
            "version": "16.6.1",
            "resolved": "https://registry.npmjs.org/dotenv/-/dotenv-16.6.1.tgz",
            "integrity": "sha512-uBq4egWHTcTt33a72vpSG0z3HnPuIl6NqYcTrKEg2azoEyl2hpW0zqlxysq2pK9HlDIHyHyakeYaYnSAwd8bow==",
            "license": "BSD-2-Clause",
            "engines": {
                "node": ">=12"
            },
            "funding": {
                "url": "https://dotenvx.com"
            }
        },
        "node_modules/unicode-animations": {
            "version": "1.0.3",
            "resolved": "https://registry.npmjs.org/unicode-animations/-/unicode-animations-1.0.3.tgz",
            "integrity": "sha512-+klB2oWwcYZjYWhwP4Pr8UZffWDFVx6jKeIahE6z0QYyM2dwDeDPyn5nevCYbyotxvtT9lh21cVURO1RX0+YMg==",
            "hasInstallScript": true,
            "license": "MIT",
            "dependencies": {
                "unicode-animations": "^1.0.1"
            },
            "bin": {
                "unicode-animations": "scripts/demo.cjs"
            }
        }
    }
}
